
Microsoft Visual Studio Solution File, Format Version 12.00
# Visual Studio Version 16
VisualStudioVersion = 16.0.29613.14
MinimumVisualStudioVersion = 10.0.40219.1
Project("{9A19103F-16F7-4668-BE54-9A1E7A4F7556}") = "Http", "Http\Http.csproj", "{0FE98E52-27F3-4B7D-80AD-32BCB17C0C13}"
EndProject
Project("{2150E333-8FDC-42A3-9474-1A3956D46DE8}") = "20. Console", "20. Console", "{C35E2142-C526-4E73-9E12-740A0BF07E13}"
EndProject
Project("{2150E333-8FDC-42A3-9474-1A3956D46DE8}") = "10. Desktop", "10. Desktop", "{EDA1EBC1-B493-4CAA-B9EF-2A6AB185C2F6}"
EndProject
Project("{9A19103F-16F7-4668-BE54-9A1E7A4F7556}") = "TcPing", "TcPing\TcPing.csproj", "{717121B7-324D-4DE9-A87A-908B489D0360}"
EndProject
Project("{9A19103F-16F7-4668-BE54-9A1E7A4F7556}") = "ManualHttp", "ManualHttp\ManualHttp.csproj", "{F204D52F-C3B7-4CD7-BB4C-1006C46FD44D}"
EndProject
Project("{2150E333-8FDC-42A3-9474-1A3956D46DE8}") = "30. Test tools", "30. Test tools", "{731947EC-7E5A-4C4B-B80F-4A467D172412}"
EndProject
Project("{9A19103F-16F7-4668-BE54-9A1E7A4F7556}") = "SocketServer", "SocketServer\SocketServer.csproj", "{C0C84CB0-E2F7-4662-A063-FAE80412B6C5}"
EndProject
Project("{9A19103F-16F7-4668-BE54-9A1E7A4F7556}") = "SocketClient", "SocketClient\SocketClient.csproj", "{098E86E5-7B56-4141-98C3-96AB43B4461B}"
EndProject
Project("{2150E333-8FDC-42A3-9474-1A3956D46DE8}") = "50. Shared", "50. Shared", "{CC2B7B2F-12C3-419F-9FFF-2CA49AD39F46}"
EndProject
Project("{D954291E-2A0B-460D-934E-DC6B0785DB48}") = "Shared.Commands", "Shared.Commands\Shared.Commands.shproj", "{8A1E5941-2AF4-4E9D-AA79-22BC842D4B37}"
EndProject
Project("{FAE04EC0-301F-11D3-BF4B-00C04F79EFBC}") = "Base64", "Base64\Base64.csproj", "{93401615-07B0-4C5D-8AAD-BC2DCB77F68C}"
EndProject
Project("{FAE04EC0-301F-11D3-BF4B-00C04F79EFBC}") = "Hash", "Hash\Hash.csproj", "{050B650C-6488-4E0E-82C2-C3EEBA54B09A}"
EndProject
Project("{FAE04EC0-301F-11D3-BF4B-00C04F79EFBC}") = "Jwt", "Jwt\Jwt.csproj", "{0F000A1F-FD48-44BE-89CF-36B8FFFC0558}"
EndProject
Project("{FAE04EC0-301F-11D3-BF4B-00C04F79EFBC}") = "Cert", "Cert\Cert.csproj", "{C0371F0E-2681-4A3F-B5E8-7146EA105B00}"
EndProject
Project("{2150E333-8FDC-42A3-9474-1A3956D46DE8}") = "99. Tests", "99. Tests", "{16623CAE-84A5-4229-90F2-2499473CCDC6}"
EndProject
Project("{FAE04EC0-301F-11D3-BF4B-00C04F79EFBC}") = "DevTools.Tests", "DevTools.Tests\DevTools.Tests.csproj", "{8AA2EEA7-2F13-4C9C-AB4B-F9995FEBB0D9}"
EndProject
Project("{FAE04EC0-301F-11D3-BF4B-00C04F79EFBC}") = "Network", "Network\Network.csproj", "{7DF0C841-8B6C-4EF5-BAB3-9C5826A98012}"
EndProject
Project("{FAE04EC0-301F-11D3-BF4B-00C04F79EFBC}") = "WorkloadIdentity", "WorkloadIdentity\WorkloadIdentity.csproj", "{CC87443C-125B-4CDF-9C00-0E9972AD9AF1}"
EndProject
Project("{FAE04EC0-301F-11D3-BF4B-00C04F79EFBC}") = "UrlDecode", "UrlDecode\UrlDecode.csproj", "{F1C762BA-D791-45AF-8993-951DDB993402}"
EndProject
Global
	GlobalSection(SharedMSBuildProjectFiles) = preSolution
		Shared.Commands\Shared.Commands.projitems*{8a1e5941-2af4-4e9d-aa79-22bc842d4b37}*SharedItemsImports = 13
	EndGlobalSection
	GlobalSection(SolutionConfigurationPlatforms) = preSolution
		Debug|Any CPU = Debug|Any CPU
		Release|Any CPU = Release|Any CPU
	EndGlobalSection
	GlobalSection(ProjectConfigurationPlatforms) = postSolution
		{0FE98E52-27F3-4B7D-80AD-32BCB17C0C13}.Debug|Any CPU.ActiveCfg = Debug|Any CPU
		{0FE98E52-27F3-4B7D-80AD-32BCB17C0C13}.Debug|Any CPU.Build.0 = Debug|Any CPU
		{0FE98E52-27F3-4B7D-80AD-32BCB17C0C13}.Release|Any CPU.ActiveCfg = Release|Any CPU
		{0FE98E52-27F3-4B7D-80AD-32BCB17C0C13}.Release|Any CPU.Build.0 = Release|Any CPU
		{717121B7-324D-4DE9-A87A-908B489D0360}.Debug|Any CPU.ActiveCfg = Debug|Any CPU
		{717121B7-324D-4DE9-A87A-908B489D0360}.Debug|Any CPU.Build.0 = Debug|Any CPU
		{717121B7-324D-4DE9-A87A-908B489D0360}.Release|Any CPU.ActiveCfg = Release|Any CPU
		{717121B7-324D-4DE9-A87A-908B489D0360}.Release|Any CPU.Build.0 = Release|Any CPU
		{F204D52F-C3B7-4CD7-BB4C-1006C46FD44D}.Debug|Any CPU.ActiveCfg = Debug|Any CPU
		{F204D52F-C3B7-4CD7-BB4C-1006C46FD44D}.Debug|Any CPU.Build.0 = Debug|Any CPU
		{F204D52F-C3B7-4CD7-BB4C-1006C46FD44D}.Release|Any CPU.ActiveCfg = Release|Any CPU
		{F204D52F-C3B7-4CD7-BB4C-1006C46FD44D}.Release|Any CPU.Build.0 = Release|Any CPU
		{C0C84CB0-E2F7-4662-A063-FAE80412B6C5}.Debug|Any CPU.ActiveCfg = Debug|Any CPU
		{C0C84CB0-E2F7-4662-A063-FAE80412B6C5}.Debug|Any CPU.Build.0 = Debug|Any CPU
		{C0C84CB0-E2F7-4662-A063-FAE80412B6C5}.Release|Any CPU.ActiveCfg = Release|Any CPU
		{C0C84CB0-E2F7-4662-A063-FAE80412B6C5}.Release|Any CPU.Build.0 = Release|Any CPU
		{098E86E5-7B56-4141-98C3-96AB43B4461B}.Debug|Any CPU.ActiveCfg = Debug|Any CPU
		{098E86E5-7B56-4141-98C3-96AB43B4461B}.Debug|Any CPU.Build.0 = Debug|Any CPU
		{098E86E5-7B56-4141-98C3-96AB43B4461B}.Release|Any CPU.ActiveCfg = Release|Any CPU
		{098E86E5-7B56-4141-98C3-96AB43B4461B}.Release|Any CPU.Build.0 = Release|Any CPU
		{93401615-07B0-4C5D-8AAD-BC2DCB77F68C}.Debug|Any CPU.ActiveCfg = Debug|Any CPU
		{93401615-07B0-4C5D-8AAD-BC2DCB77F68C}.Debug|Any CPU.Build.0 = Debug|Any CPU
		{93401615-07B0-4C5D-8AAD-BC2DCB77F68C}.Release|Any CPU.ActiveCfg = Release|Any CPU
		{93401615-07B0-4C5D-8AAD-BC2DCB77F68C}.Release|Any CPU.Build.0 = Release|Any CPU
		{050B650C-6488-4E0E-82C2-C3EEBA54B09A}.Debug|Any CPU.ActiveCfg = Debug|Any CPU
		{050B650C-6488-4E0E-82C2-C3EEBA54B09A}.Debug|Any CPU.Build.0 = Debug|Any CPU
		{050B650C-6488-4E0E-82C2-C3EEBA54B09A}.Release|Any CPU.ActiveCfg = Release|Any CPU
		{050B650C-6488-4E0E-82C2-C3EEBA54B09A}.Release|Any CPU.Build.0 = Release|Any CPU
		{0F000A1F-FD48-44BE-89CF-36B8FFFC0558}.Debug|Any CPU.ActiveCfg = Debug|Any CPU
		{0F000A1F-FD48-44BE-89CF-36B8FFFC0558}.Debug|Any CPU.Build.0 = Debug|Any CPU
		{0F000A1F-FD48-44BE-89CF-36B8FFFC0558}.Release|Any CPU.ActiveCfg = Release|Any CPU
		{0F000A1F-FD48-44BE-89CF-36B8FFFC0558}.Release|Any CPU.Build.0 = Release|Any CPU
		{C0371F0E-2681-4A3F-B5E8-7146EA105B00}.Debug|Any CPU.ActiveCfg = Debug|Any CPU
		{C0371F0E-2681-4A3F-B5E8-7146EA105B00}.Debug|Any CPU.Build.0 = Debug|Any CPU
		{C0371F0E-2681-4A3F-B5E8-7146EA105B00}.Release|Any CPU.ActiveCfg = Release|Any CPU
		{C0371F0E-2681-4A3F-B5E8-7146EA105B00}.Release|Any CPU.Build.0 = Release|Any CPU
		{8AA2EEA7-2F13-4C9C-AB4B-F9995FEBB0D9}.Debug|Any CPU.ActiveCfg = Debug|Any CPU
		{8AA2EEA7-2F13-4C9C-AB4B-F9995FEBB0D9}.Debug|Any CPU.Build.0 = Debug|Any CPU
		{8AA2EEA7-2F13-4C9C-AB4B-F9995FEBB0D9}.Release|Any CPU.ActiveCfg = Release|Any CPU
		{8AA2EEA7-2F13-4C9C-AB4B-F9995FEBB0D9}.Release|Any CPU.Build.0 = Release|Any CPU
		{7DF0C841-8B6C-4EF5-BAB3-9C5826A98012}.Debug|Any CPU.ActiveCfg = Debug|Any CPU
		{7DF0C841-8B6C-4EF5-BAB3-9C5826A98012}.Debug|Any CPU.Build.0 = Debug|Any CPU
		{7DF0C841-8B6C-4EF5-BAB3-9C5826A98012}.Release|Any CPU.ActiveCfg = Release|Any CPU
		{7DF0C841-8B6C-4EF5-BAB3-9C5826A98012}.Release|Any CPU.Build.0 = Release|Any CPU
		{CC87443C-125B-4CDF-9C00-0E9972AD9AF1}.Debug|Any CPU.ActiveCfg = Debug|Any CPU
		{CC87443C-125B-4CDF-9C00-0E9972AD9AF1}.Debug|Any CPU.Build.0 = Debug|Any CPU
		{CC87443C-125B-4CDF-9C00-0E9972AD9AF1}.Release|Any CPU.ActiveCfg = Release|Any CPU
		{CC87443C-125B-4CDF-9C00-0E9972AD9AF1}.Release|Any CPU.Build.0 = Release|Any CPU
		{F1C762BA-D791-45AF-8993-951DDB993402}.Debug|Any CPU.ActiveCfg = Debug|Any CPU
		{F1C762BA-D791-45AF-8993-951DDB993402}.Debug|Any CPU.Build.0 = Debug|Any CPU
		{F1C762BA-D791-45AF-8993-951DDB993402}.Release|Any CPU.ActiveCfg = Release|Any CPU
		{F1C762BA-D791-45AF-8993-951DDB993402}.Release|Any CPU.Build.0 = Release|Any CPU
	EndGlobalSection
	GlobalSection(SolutionProperties) = preSolution
		HideSolutionNode = FALSE
	EndGlobalSection
	GlobalSection(NestedProjects) = preSolution
		{0FE98E52-27F3-4B7D-80AD-32BCB17C0C13} = {C35E2142-C526-4E73-9E12-740A0BF07E13}
		{717121B7-324D-4DE9-A87A-908B489D0360} = {C35E2142-C526-4E73-9E12-740A0BF07E13}
		{F204D52F-C3B7-4CD7-BB4C-1006C46FD44D} = {C35E2142-C526-4E73-9E12-740A0BF07E13}
		{C0C84CB0-E2F7-4662-A063-FAE80412B6C5} = {731947EC-7E5A-4C4B-B80F-4A467D172412}
		{098E86E5-7B56-4141-98C3-96AB43B4461B} = {731947EC-7E5A-4C4B-B80F-4A467D172412}
		{8A1E5941-2AF4-4E9D-AA79-22BC842D4B37} = {CC2B7B2F-12C3-419F-9FFF-2CA49AD39F46}
		{93401615-07B0-4C5D-8AAD-BC2DCB77F68C} = {C35E2142-C526-4E73-9E12-740A0BF07E13}
		{050B650C-6488-4E0E-82C2-C3EEBA54B09A} = {C35E2142-C526-4E73-9E12-740A0BF07E13}
		{0F000A1F-FD48-44BE-89CF-36B8FFFC0558} = {C35E2142-C526-4E73-9E12-740A0BF07E13}
		{C0371F0E-2681-4A3F-B5E8-7146EA105B00} = {C35E2142-C526-4E73-9E12-740A0BF07E13}
		{8AA2EEA7-2F13-4C9C-AB4B-F9995FEBB0D9} = {16623CAE-84A5-4229-90F2-2499473CCDC6}
		{7DF0C841-8B6C-4EF5-BAB3-9C5826A98012} = {C35E2142-C526-4E73-9E12-740A0BF07E13}
		{CC87443C-125B-4CDF-9C00-0E9972AD9AF1} = {C35E2142-C526-4E73-9E12-740A0BF07E13}
		{F1C762BA-D791-45AF-8993-951DDB993402} = {C35E2142-C526-4E73-9E12-740A0BF07E13}
	EndGlobalSection
	GlobalSection(ExtensibilityGlobals) = postSolution
		SolutionGuid = {CBC2F9B8-968C-4D92-BEC8-6E4AA5AE4E0D}
	EndGlobalSection
EndGlobal
