
Microsoft Visual Studio Solution File, Format Version 12.00
# Visual Studio 15
VisualStudioVersion = 15.0.27130.2003
MinimumVisualStudioVersion = 10.0.40219.1
Project("{9A19103F-16F7-4668-BE54-9A1E7A4F7556}") = "Http", "Http\Http.csproj", "{0FE98E52-27F3-4B7D-80AD-32BCB17C0C13}"
EndProject
Project("{FAE04EC0-301F-11D3-BF4B-00C04F79EFBC}") = "Pat", "Pat\Pat.csproj", "{065B0F1D-09AE-4B48-9BD8-8E96D89253E0}"
EndProject
Project("{2150E333-8FDC-42A3-9474-1A3956D46DE8}") = "20. Console", "20. Console", "{C35E2142-C526-4E73-9E12-740A0BF07E13}"
EndProject
Project("{2150E333-8FDC-42A3-9474-1A3956D46DE8}") = "10. Desktop", "10. Desktop", "{EDA1EBC1-B493-4CAA-B9EF-2A6AB185C2F6}"
EndProject
Project("{9A19103F-16F7-4668-BE54-9A1E7A4F7556}") = "TcPing", "TcPing\TcPing.csproj", "{717121B7-324D-4DE9-A87A-908B489D0360}"
EndProject
Project("{9A19103F-16F7-4668-BE54-9A1E7A4F7556}") = "ManualHttp", "ManualHttp\ManualHttp.csproj", "{F204D52F-C3B7-4CD7-BB4C-1006C46FD44D}"
EndProject
Project("{2150E333-8FDC-42A3-9474-1A3956D46DE8}") = "30. Test tools", "30. Test tools", "{731947EC-7E5A-4C4B-B80F-4A467D172412}"
EndProject
Project("{9A19103F-16F7-4668-BE54-9A1E7A4F7556}") = "SocketServer", "SocketServer\SocketServer.csproj", "{C0C84CB0-E2F7-4662-A063-FAE80412B6C5}"
EndProject
Project("{9A19103F-16F7-4668-BE54-9A1E7A4F7556}") = "SocketClient", "SocketClient\SocketClient.csproj", "{098E86E5-7B56-4141-98C3-96AB43B4461B}"
EndProject
Global
	GlobalSection(SolutionConfigurationPlatforms) = preSolution
		Debug|Any CPU = Debug|Any CPU
		Release|Any CPU = Release|Any CPU
	EndGlobalSection
	GlobalSection(ProjectConfigurationPlatforms) = postSolution
		{0FE98E52-27F3-4B7D-80AD-32BCB17C0C13}.Debug|Any CPU.ActiveCfg = Debug|Any CPU
		{0FE98E52-27F3-4B7D-80AD-32BCB17C0C13}.Debug|Any CPU.Build.0 = Debug|Any CPU
		{0FE98E52-27F3-4B7D-80AD-32BCB17C0C13}.Release|Any CPU.ActiveCfg = Release|Any CPU
		{0FE98E52-27F3-4B7D-80AD-32BCB17C0C13}.Release|Any CPU.Build.0 = Release|Any CPU
		{065B0F1D-09AE-4B48-9BD8-8E96D89253E0}.Debug|Any CPU.ActiveCfg = Debug|Any CPU
		{065B0F1D-09AE-4B48-9BD8-8E96D89253E0}.Debug|Any CPU.Build.0 = Debug|Any CPU
		{065B0F1D-09AE-4B48-9BD8-8E96D89253E0}.Release|Any CPU.ActiveCfg = Release|Any CPU
		{065B0F1D-09AE-4B48-9BD8-8E96D89253E0}.Release|Any CPU.Build.0 = Release|Any CPU
		{717121B7-324D-4DE9-A87A-908B489D0360}.Debug|Any CPU.ActiveCfg = Debug|Any CPU
		{717121B7-324D-4DE9-A87A-908B489D0360}.Debug|Any CPU.Build.0 = Debug|Any CPU
		{717121B7-324D-4DE9-A87A-908B489D0360}.Release|Any CPU.ActiveCfg = Release|Any CPU
		{717121B7-324D-4DE9-A87A-908B489D0360}.Release|Any CPU.Build.0 = Release|Any CPU
		{F204D52F-C3B7-4CD7-BB4C-1006C46FD44D}.Debug|Any CPU.ActiveCfg = Debug|Any CPU
		{F204D52F-C3B7-4CD7-BB4C-1006C46FD44D}.Debug|Any CPU.Build.0 = Debug|Any CPU
		{F204D52F-C3B7-4CD7-BB4C-1006C46FD44D}.Release|Any CPU.ActiveCfg = Release|Any CPU
		{F204D52F-C3B7-4CD7-BB4C-1006C46FD44D}.Release|Any CPU.Build.0 = Release|Any CPU
		{C0C84CB0-E2F7-4662-A063-FAE80412B6C5}.Debug|Any CPU.ActiveCfg = Debug|Any CPU
		{C0C84CB0-E2F7-4662-A063-FAE80412B6C5}.Debug|Any CPU.Build.0 = Debug|Any CPU
		{C0C84CB0-E2F7-4662-A063-FAE80412B6C5}.Release|Any CPU.ActiveCfg = Release|Any CPU
		{C0C84CB0-E2F7-4662-A063-FAE80412B6C5}.Release|Any CPU.Build.0 = Release|Any CPU
		{098E86E5-7B56-4141-98C3-96AB43B4461B}.Debug|Any CPU.ActiveCfg = Debug|Any CPU
		{098E86E5-7B56-4141-98C3-96AB43B4461B}.Debug|Any CPU.Build.0 = Debug|Any CPU
		{098E86E5-7B56-4141-98C3-96AB43B4461B}.Release|Any CPU.ActiveCfg = Release|Any CPU
		{098E86E5-7B56-4141-98C3-96AB43B4461B}.Release|Any CPU.Build.0 = Release|Any CPU
	EndGlobalSection
	GlobalSection(SolutionProperties) = preSolution
		HideSolutionNode = FALSE
	EndGlobalSection
	GlobalSection(NestedProjects) = preSolution
		{0FE98E52-27F3-4B7D-80AD-32BCB17C0C13} = {C35E2142-C526-4E73-9E12-740A0BF07E13}
		{065B0F1D-09AE-4B48-9BD8-8E96D89253E0} = {EDA1EBC1-B493-4CAA-B9EF-2A6AB185C2F6}
		{717121B7-324D-4DE9-A87A-908B489D0360} = {C35E2142-C526-4E73-9E12-740A0BF07E13}
		{F204D52F-C3B7-4CD7-BB4C-1006C46FD44D} = {C35E2142-C526-4E73-9E12-740A0BF07E13}
		{C0C84CB0-E2F7-4662-A063-FAE80412B6C5} = {731947EC-7E5A-4C4B-B80F-4A467D172412}
		{098E86E5-7B56-4141-98C3-96AB43B4461B} = {731947EC-7E5A-4C4B-B80F-4A467D172412}
	EndGlobalSection
	GlobalSection(ExtensibilityGlobals) = postSolution
		SolutionGuid = {CBC2F9B8-968C-4D92-BEC8-6E4AA5AE4E0D}
	EndGlobalSection
EndGlobal
